
Microsoft Visual Studio Solution File, Format Version 12.00
# Visual Studio Version 17
VisualStudioVersion = 17.0.31903.59
MinimumVisualStudioVersion = 10.0.40219.1
Project("{FAE04EC0-301F-11D3-BF4B-00C04F79EFBC}") = "PaymentContext.Domain", "PaymentContext.Domain\PaymentContext.Domain.csproj", "{8824F787-2960-4A14-9DB6-F0F207F68A0E}"
EndProject
Project("{FAE04EC0-301F-11D3-BF4B-00C04F79EFBC}") = "PaymentContext.Shared", "PaymentContext.Shared\PaymentContext.Shared.csproj", "{1977BD71-6C74-4759-B51E-605EB98F7BC8}"
EndProject
Project("{FAE04EC0-301F-11D3-BF4B-00C04F79EFBC}") = "PaymentContext.Tests", "PaymentContext.Tests\PaymentContext.Tests.csproj", "{8693C1B3-4828-4AFB-AA80-001D87442124}"
EndProject
Global
	GlobalSection(SolutionConfigurationPlatforms) = preSolution
		Debug|Any CPU = Debug|Any CPU
		Release|Any CPU = Release|Any CPU
	EndGlobalSection
	GlobalSection(SolutionProperties) = preSolution
		HideSolutionNode = FALSE
	EndGlobalSection
	GlobalSection(ProjectConfigurationPlatforms) = postSolution
		{8824F787-2960-4A14-9DB6-F0F207F68A0E}.Debug|Any CPU.ActiveCfg = Debug|Any CPU
		{8824F787-2960-4A14-9DB6-F0F207F68A0E}.Debug|Any CPU.Build.0 = Debug|Any CPU
		{8824F787-2960-4A14-9DB6-F0F207F68A0E}.Release|Any CPU.ActiveCfg = Release|Any CPU
		{8824F787-2960-4A14-9DB6-F0F207F68A0E}.Release|Any CPU.Build.0 = Release|Any CPU
		{1977BD71-6C74-4759-B51E-605EB98F7BC8}.Debug|Any CPU.ActiveCfg = Debug|Any CPU
		{1977BD71-6C74-4759-B51E-605EB98F7BC8}.Debug|Any CPU.Build.0 = Debug|Any CPU
		{1977BD71-6C74-4759-B51E-605EB98F7BC8}.Release|Any CPU.ActiveCfg = Release|Any CPU
		{1977BD71-6C74-4759-B51E-605EB98F7BC8}.Release|Any CPU.Build.0 = Release|Any CPU
		{8693C1B3-4828-4AFB-AA80-001D87442124}.Debug|Any CPU.ActiveCfg = Debug|Any CPU
		{8693C1B3-4828-4AFB-AA80-001D87442124}.Debug|Any CPU.Build.0 = Debug|Any CPU
		{8693C1B3-4828-4AFB-AA80-001D87442124}.Release|Any CPU.ActiveCfg = Release|Any CPU
		{8693C1B3-4828-4AFB-AA80-001D87442124}.Release|Any CPU.Build.0 = Release|Any CPU
	EndGlobalSection
EndGlobal
